
Microsoft Visual Studio Solution File, Format Version 12.00
# Visual Studio Version 16
VisualStudioVersion = 16.0.29318.209
MinimumVisualStudioVersion = 10.0.40219.1
Project("{FAE04EC0-301F-11D3-BF4B-00C04F79EFBC}") = "Singleton", "Singleton.csproj", "{F784274F-CAF7-41EB-A0C3-729FC18A7AAB}"
EndProject
Global
	GlobalSection(SolutionConfigurationPlatforms) = preSolution
		Debug|Any CPU = Debug|Any CPU
		Release|Any CPU = Release|Any CPU
	EndGlobalSection
	GlobalSection(ProjectConfigurationPlatforms) = postSolution
		{F784274F-CAF7-41EB-A0C3-729FC18A7AAB}.Debug|Any CPU.ActiveCfg = Debug|Any CPU
		{F784274F-CAF7-41EB-A0C3-729FC18A7AAB}.Debug|Any CPU.Build.0 = Debug|Any CPU
		{F784274F-CAF7-41EB-A0C3-729FC18A7AAB}.Release|Any CPU.ActiveCfg = Release|Any CPU
		{F784274F-CAF7-41EB-A0C3-729FC18A7AAB}.Release|Any CPU.Build.0 = Release|Any CPU
	EndGlobalSection
	GlobalSection(SolutionProperties) = preSolution
		HideSolutionNode = FALSE
	EndGlobalSection
	GlobalSection(ExtensibilityGlobals) = postSolution
		SolutionGuid = {13DB9B80-2A0E-43A9-8D61-3760A5C7B5C1}
	EndGlobalSection
EndGlobal
